
Microsoft Visual Studio Solution File, Format Version 12.00
# Visual Studio Version 16
VisualStudioVersion = 16.0.30709.132
MinimumVisualStudioVersion = 10.0.40219.1
Project("{FAE04EC0-301F-11D3-BF4B-00C04F79EFBC}") = "mantis_tests", "mantis_tests\mantis_tests.csproj", "{39BC4E4C-B0F2-4D27-A367-B8C26B70599A}"
EndProject
Global
	GlobalSection(SolutionConfigurationPlatforms) = preSolution
		Debug|Any CPU = Debug|Any CPU
		Release|Any CPU = Release|Any CPU
	EndGlobalSection
	GlobalSection(ProjectConfigurationPlatforms) = postSolution
		{39BC4E4C-B0F2-4D27-A367-B8C26B70599A}.Debug|Any CPU.ActiveCfg = Debug|Any CPU
		{39BC4E4C-B0F2-4D27-A367-B8C26B70599A}.Debug|Any CPU.Build.0 = Debug|Any CPU
		{39BC4E4C-B0F2-4D27-A367-B8C26B70599A}.Release|Any CPU.ActiveCfg = Release|Any CPU
		{39BC4E4C-B0F2-4D27-A367-B8C26B70599A}.Release|Any CPU.Build.0 = Release|Any CPU
	EndGlobalSection
	GlobalSection(SolutionProperties) = preSolution
		HideSolutionNode = FALSE
	EndGlobalSection
	GlobalSection(ExtensibilityGlobals) = postSolution
		SolutionGuid = {F23FADD4-6DD9-473C-BAA3-22D83E825D81}
	EndGlobalSection
EndGlobal
